
Microsoft Visual Studio Solution File, Format Version 12.00
# Visual Studio 15
VisualStudioVersion = 15.0.28307.168
MinimumVisualStudioVersion = 10.0.40219.1
Project("{FAE04EC0-301F-11D3-BF4B-00C04F79EFBC}") = "core22", "core22\core22.csproj", "{A34FF768-DD6B-4F40-848F-C0A1D4A536BA}"
EndProject
Global
	GlobalSection(SolutionConfigurationPlatforms) = preSolution
		Debug|Any CPU = Debug|Any CPU
		Release|Any CPU = Release|Any CPU
	EndGlobalSection
	GlobalSection(ProjectConfigurationPlatforms) = postSolution
		{A34FF768-DD6B-4F40-848F-C0A1D4A536BA}.Debug|Any CPU.ActiveCfg = Debug|Any CPU
		{A34FF768-DD6B-4F40-848F-C0A1D4A536BA}.Debug|Any CPU.Build.0 = Debug|Any CPU
		{A34FF768-DD6B-4F40-848F-C0A1D4A536BA}.Release|Any CPU.ActiveCfg = Release|Any CPU
		{A34FF768-DD6B-4F40-848F-C0A1D4A536BA}.Release|Any CPU.Build.0 = Release|Any CPU
	EndGlobalSection
	GlobalSection(SolutionProperties) = preSolution
		HideSolutionNode = FALSE
	EndGlobalSection
	GlobalSection(ExtensibilityGlobals) = postSolution
		SolutionGuid = {B9876CBB-21ED-4854-965C-1CD39351873B}
	EndGlobalSection
EndGlobal
